
Microsoft Visual Studio Solution File, Format Version 12.00
# Visual Studio Version 17
VisualStudioVersion = 17.4.33122.133
MinimumVisualStudioVersion = 10.0.40219.1
Project("{FAE04EC0-301F-11D3-BF4B-00C04F79EFBC}") = "ParkingLotStimulation", "ParkingLotStimulation\ParkingLotStimulation.csproj", "{C46B6F5E-54E7-4DD1-ADD0-81CE0D7672A8}"
EndProject
Project("{FAE04EC0-301F-11D3-BF4B-00C04F79EFBC}") = "ParkingLotStimulation.Modal", "ParkingLotStimulation.Modal\ParkingLotStimulation.Modal.csproj", "{8A085E46-7013-4DD8-80BB-3F65036A9F20}"
EndProject
Global
	GlobalSection(SolutionConfigurationPlatforms) = preSolution
		Debug|Any CPU = Debug|Any CPU
		Release|Any CPU = Release|Any CPU
	EndGlobalSection
	GlobalSection(ProjectConfigurationPlatforms) = postSolution
		{C46B6F5E-54E7-4DD1-ADD0-81CE0D7672A8}.Debug|Any CPU.ActiveCfg = Debug|Any CPU
		{C46B6F5E-54E7-4DD1-ADD0-81CE0D7672A8}.Debug|Any CPU.Build.0 = Debug|Any CPU
		{C46B6F5E-54E7-4DD1-ADD0-81CE0D7672A8}.Release|Any CPU.ActiveCfg = Release|Any CPU
		{C46B6F5E-54E7-4DD1-ADD0-81CE0D7672A8}.Release|Any CPU.Build.0 = Release|Any CPU
		{8A085E46-7013-4DD8-80BB-3F65036A9F20}.Debug|Any CPU.ActiveCfg = Debug|Any CPU
		{8A085E46-7013-4DD8-80BB-3F65036A9F20}.Debug|Any CPU.Build.0 = Debug|Any CPU
		{8A085E46-7013-4DD8-80BB-3F65036A9F20}.Release|Any CPU.ActiveCfg = Release|Any CPU
		{8A085E46-7013-4DD8-80BB-3F65036A9F20}.Release|Any CPU.Build.0 = Release|Any CPU
	EndGlobalSection
	GlobalSection(SolutionProperties) = preSolution
		HideSolutionNode = FALSE
	EndGlobalSection
	GlobalSection(ExtensibilityGlobals) = postSolution
		SolutionGuid = {908C9D8B-AF3F-4C22-B99A-5171A3F23973}
	EndGlobalSection
EndGlobal
